# This file is automatically @generated by Cargo.
# It is not intended for manual editing.
version = 3

[[package]]
name = "anyhow"
version = "1.0.42"
source = "registry+https://github.com/rust-lang/crates.io-index"
checksum = "595d3cfa7a60d4555cb5067b99f07142a08ea778de5cf993f7b75c7d8fabc486"

[[package]]
name = "heck"
version = "0.3.3"
source = "registry+https://github.com/rust-lang/crates.io-index"
checksum = "6d621efb26863f0e9924c6ac577e8275e5e6b77455db64ffa6c65c904e9e132c"
dependencies = [
 "unicode-segmentation",
]

[[package]]
name = "hellowasi"
version = "0.1.0"
dependencies = [
 "unicode-segmentation",
 "witx-bindgen-rust",
]

[[package]]
name = "id-arena"
version = "2.2.1"
source = "registry+https://github.com/rust-lang/crates.io-index"
checksum = "25a2bc672d1148e28034f176e01fffebb08b35768468cc954630da77a1449005"

[[package]]
name = "proc-macro2"
version = "1.0.28"
source = "registry+https://github.com/rust-lang/crates.io-index"
checksum = "5c7ed8b8c7b886ea3ed7dde405212185f423ab44682667c8c6dd14aa1d9f6612"
dependencies = [
 "unicode-xid",
]

[[package]]
name = "quote"
version = "1.0.9"
source = "registry+https://github.com/rust-lang/crates.io-index"
checksum = "c3d0b9745dc2debf507c8422de05d7226cc1f0644216dfdfead988f9b1ab32a7"
dependencies = [
 "proc-macro2",
]

[[package]]
name = "syn"
version = "1.0.74"
source = "registry+https://github.com/rust-lang/crates.io-index"
checksum = "1873d832550d4588c3dbc20f01361ab00bfe741048f71e3fecf145a7cc18b29c"
dependencies = [
 "proc-macro2",
 "quote",
 "unicode-xid",
]

[[package]]
name = "unicode-segmentation"
version = "1.8.0"
source = "registry+https://github.com/rust-lang/crates.io-index"
checksum = "8895849a949e7845e06bd6dc1aa51731a103c42707010a5b591c0038fb73385b"

[[package]]
name = "unicode-xid"
version = "0.2.2"
source = "registry+https://github.com/rust-lang/crates.io-index"
checksum = "8ccb82d61f80a663efe1f787a51b16b5a51e3314d6ac365b08639f52387b33f3"

[[package]]
name = "witx-bindgen-gen-core"
version = "0.1.0"
source = "git+https://github.com/bytecodealliance/witx-bindgen.git#ed2f07c0d76d77d4fe31726fd48ff6f8a76d1b4c"
dependencies = [
 "anyhow",
 "witx2",
]

[[package]]
name = "witx-bindgen-gen-rust"
version = "0.1.0"
source = "git+https://github.com/bytecodealliance/witx-bindgen.git#ed2f07c0d76d77d4fe31726fd48ff6f8a76d1b4c"
dependencies = [
 "heck",
 "witx-bindgen-gen-core",
]

[[package]]
name = "witx-bindgen-gen-rust-wasm"
version = "0.1.0"
source = "git+https://github.com/bytecodealliance/witx-bindgen.git#ed2f07c0d76d77d4fe31726fd48ff6f8a76d1b4c"
dependencies = [
 "heck",
 "witx-bindgen-gen-core",
 "witx-bindgen-gen-rust",
]

[[package]]
name = "witx-bindgen-rust"
version = "0.1.0"
source = "git+https://github.com/bytecodealliance/witx-bindgen.git#ed2f07c0d76d77d4fe31726fd48ff6f8a76d1b4c"
dependencies = [
 "witx-bindgen-rust-impl",
]

[[package]]
name = "witx-bindgen-rust-impl"
version = "0.1.0"
source = "git+https://github.com/bytecodealliance/witx-bindgen.git#ed2f07c0d76d77d4fe31726fd48ff6f8a76d1b4c"
dependencies = [
 "proc-macro2",
 "syn",
 "witx-bindgen-gen-core",
 "witx-bindgen-gen-rust-wasm",
]

[[package]]
name = "witx2"
version = "0.1.0"
source = "git+https://github.com/bytecodealliance/witx-bindgen.git#ed2f07c0d76d77d4fe31726fd48ff6f8a76d1b4c"
dependencies = [
 "anyhow",
 "id-arena",
]
